
Microsoft Visual Studio Solution File, Format Version 12.00
# Visual Studio 14
VisualStudioVersion = 14.0.25420.1
MinimumVisualStudioVersion = 10.0.40219.1
Project("{FAE04EC0-301F-11D3-BF4B-00C04F79EFBC}") = "Atlantis", "Atlantis\Atlantis.csproj", "{94E5DEF7-DBFC-4394-9455-EC19DF010C3D}"
EndProject
Project("{FAE04EC0-301F-11D3-BF4B-00C04F79EFBC}") = "Unicorn", "Unicorn\Unicorn.csproj", "{6C62EF94-D464-4681-BE71-9DCCE0BDFACC}"
EndProject
Project("{FAE04EC0-301F-11D3-BF4B-00C04F79EFBC}") = "TestUnicorn", "TestUnicorn\TestUnicorn.csproj", "{96322FF5-F2DF-47AC-B5C5-5C0711B1B60F}"
EndProject
Global
	GlobalSection(SolutionConfigurationPlatforms) = preSolution
		Debug|Any CPU = Debug|Any CPU
		Release|Any CPU = Release|Any CPU
	EndGlobalSection
	GlobalSection(ProjectConfigurationPlatforms) = postSolution
		{94E5DEF7-DBFC-4394-9455-EC19DF010C3D}.Debug|Any CPU.ActiveCfg = Debug|Any CPU
		{94E5DEF7-DBFC-4394-9455-EC19DF010C3D}.Debug|Any CPU.Build.0 = Debug|Any CPU
		{94E5DEF7-DBFC-4394-9455-EC19DF010C3D}.Release|Any CPU.ActiveCfg = Release|Any CPU
		{94E5DEF7-DBFC-4394-9455-EC19DF010C3D}.Release|Any CPU.Build.0 = Release|Any CPU
		{6C62EF94-D464-4681-BE71-9DCCE0BDFACC}.Debug|Any CPU.ActiveCfg = Debug|Any CPU
		{6C62EF94-D464-4681-BE71-9DCCE0BDFACC}.Debug|Any CPU.Build.0 = Debug|Any CPU
		{6C62EF94-D464-4681-BE71-9DCCE0BDFACC}.Release|Any CPU.ActiveCfg = Release|Any CPU
		{6C62EF94-D464-4681-BE71-9DCCE0BDFACC}.Release|Any CPU.Build.0 = Release|Any CPU
		{96322FF5-F2DF-47AC-B5C5-5C0711B1B60F}.Debug|Any CPU.ActiveCfg = Debug|Any CPU
		{96322FF5-F2DF-47AC-B5C5-5C0711B1B60F}.Debug|Any CPU.Build.0 = Debug|Any CPU
		{96322FF5-F2DF-47AC-B5C5-5C0711B1B60F}.Release|Any CPU.ActiveCfg = Release|Any CPU
		{96322FF5-F2DF-47AC-B5C5-5C0711B1B60F}.Release|Any CPU.Build.0 = Release|Any CPU
	EndGlobalSection
	GlobalSection(SolutionProperties) = preSolution
		HideSolutionNode = FALSE
	EndGlobalSection
EndGlobal
